{
  "name": "api-loggerhead",
  "lockfileVersion": 2,
  "requires": true,
  "packages": {
    "": {
      "dependencies": {
        "command": "^0.0.1"
      }
    },
    "node_modules/command": {
      "version": "0.0.1",
      "resolved": "https://registry.npmjs.org/command/-/command-0.0.1.tgz",
      "integrity": "sha1-nXLk7Z464dk0LNvOo4TyVfNhsZ8="
    }
  },
  "dependencies": {
    "command": {
      "version": "0.0.1",
      "resolved": "https://registry.npmjs.org/command/-/command-0.0.1.tgz",
      "integrity": "sha1-nXLk7Z464dk0LNvOo4TyVfNhsZ8="
    }
  }
}
